
Microsoft Visual Studio Solution File, Format Version 12.00
# Visual Studio Version 17
VisualStudioVersion = 17.9.34728.123
MinimumVisualStudioVersion = 10.0.40219.1
Project("{FAE04EC0-301F-11D3-BF4B-00C04F79EFBC}") = "Task02", "Task02\Task02.csproj", "{019A93BF-B201-4BAD-AC28-336C95F57D99}"
EndProject
Global
	GlobalSection(SolutionConfigurationPlatforms) = preSolution
		Debug|Any CPU = Debug|Any CPU
		Release|Any CPU = Release|Any CPU
	EndGlobalSection
	GlobalSection(ProjectConfigurationPlatforms) = postSolution
		{019A93BF-B201-4BAD-AC28-336C95F57D99}.Debug|Any CPU.ActiveCfg = Debug|Any CPU
		{019A93BF-B201-4BAD-AC28-336C95F57D99}.Debug|Any CPU.Build.0 = Debug|Any CPU
		{019A93BF-B201-4BAD-AC28-336C95F57D99}.Release|Any CPU.ActiveCfg = Release|Any CPU
		{019A93BF-B201-4BAD-AC28-336C95F57D99}.Release|Any CPU.Build.0 = Release|Any CPU
	EndGlobalSection
	GlobalSection(SolutionProperties) = preSolution
		HideSolutionNode = FALSE
	EndGlobalSection
	GlobalSection(ExtensibilityGlobals) = postSolution
		SolutionGuid = {D7BB07A4-9327-42CF-9E38-F2794A920F32}
	EndGlobalSection
EndGlobal
